	<Project xmlns="http://schemas.microsoft.com/developer/msbuild/2003">
		<PropertyGroup>
			<ProjectGuid>{ceb5fce8-6ea2-4319-9bdb-1d2ec207cae0}</ProjectGuid>
			<Configuration Condition=" '$(Configuration)' == '' ">Debug</Configuration>
			<DCC_DCCCompiler>DCC32</DCC_DCCCompiler>
			<DCC_DependencyCheckOutputName>Project1.exe</DCC_DependencyCheckOutputName>
			<MainSource>tlhotta_launcher.dpr</MainSource>
			<ProjectVersion>12.3</ProjectVersion>
			<Base>True</Base>
			<Config Condition="'$(Config)'==''">Release</Config>
			<Platform>Win32</Platform>
			<AppType>Application</AppType>
			<FrameworkType>VCL</FrameworkType>
		</PropertyGroup>
		<PropertyGroup Condition="'$(Config)'=='Base' or '$(Base)'!=''">
			<Base>true</Base>
		</PropertyGroup>
		<PropertyGroup Condition="'$(Config)'=='Release' or '$(Cfg_1)'!=''">
			<Cfg_1>true</Cfg_1>
			<CfgParent>Base</CfgParent>
			<Base>true</Base>
		</PropertyGroup>
		<PropertyGroup Condition="'$(Config)'=='Debug' or '$(Cfg_2)'!=''">
			<Cfg_2>true</Cfg_2>
			<CfgParent>Base</CfgParent>
			<Base>true</Base>
		</PropertyGroup>
		<PropertyGroup Condition="'$(Base)'!=''">
			<DCC_UnitAlias>WinTypes=Windows;WinProcs=Windows;DbiTypes=BDE;DbiProcs=BDE;DbiErrs=BDE;$(DCC_UnitAlias)</DCC_UnitAlias>
			<DCC_UsePackage>vclimg;vcl;vclx;rtl;acntDelphiXE_R</DCC_UsePackage>
		</PropertyGroup>
		<PropertyGroup Condition="'$(Cfg_1)'!=''">
			<Version>7.0</Version>
			<DCC_DebugInformation>False</DCC_DebugInformation>
			<DCC_LocalDebugSymbols>False</DCC_LocalDebugSymbols>
			<DCC_SymbolReferenceInfo>0</DCC_SymbolReferenceInfo>
			<DCC_Define>RELEASE;$(DCC_Define)</DCC_Define>
		</PropertyGroup>
		<PropertyGroup Condition="'$(Cfg_2)'!=''">
			<BCC_DebugLineNumbers>true</BCC_DebugLineNumbers>
			<ILINK_FullDebugInfo>true</ILINK_FullDebugInfo>
			<BCC_SourceDebuggingOn>true</BCC_SourceDebuggingOn>
			<DCC_DebugInfoInExe>true</DCC_DebugInfoInExe>
			<DCC_Optimize>false</DCC_Optimize>
			<DCC_RangeChecking>true</DCC_RangeChecking>
			<DCC_IntegerOverflowCheck>true</DCC_IntegerOverflowCheck>
			<Version>7.0</Version>
			<DCC_Define>DEBUG;$(DCC_Define)</DCC_Define>
		</PropertyGroup>
		<ProjectExtensions>
			<Borland.Personality>Delphi.Personality.12</Borland.Personality>
			<Borland.ProjectType/>
			<BorlandProject>
				<Delphi.Personality>
					<Parameters>
						<Parameters Name="RunParams">-debug</Parameters>
					</Parameters>
					<VersionInfo>
						<VersionInfo Name="IncludeVerInfo">True</VersionInfo>
						<VersionInfo Name="AutoIncBuild">True</VersionInfo>
						<VersionInfo Name="MajorVer">1</VersionInfo>
						<VersionInfo Name="MinorVer">1</VersionInfo>
						<VersionInfo Name="Release">0</VersionInfo>
						<VersionInfo Name="Build">40</VersionInfo>
						<VersionInfo Name="Debug">True</VersionInfo>
						<VersionInfo Name="PreRelease">False</VersionInfo>
						<VersionInfo Name="Special">False</VersionInfo>
						<VersionInfo Name="Private">False</VersionInfo>
						<VersionInfo Name="DLL">False</VersionInfo>
						<VersionInfo Name="Locale">1049</VersionInfo>
						<VersionInfo Name="CodePage">1251</VersionInfo>
					</VersionInfo>
					<VersionInfoKeys>
						<VersionInfoKeys Name="CompanyName">Str1ker</VersionInfoKeys>
						<VersionInfoKeys Name="FileDescription">TLHOTTA Launcher</VersionInfoKeys>
						<VersionInfoKeys Name="FileVersion">1.1.0.40</VersionInfoKeys>
						<VersionInfoKeys Name="InternalName"/>
						<VersionInfoKeys Name="LegalCopyright">(c) Alliance SS</VersionInfoKeys>
						<VersionInfoKeys Name="LegalTrademarks"/>
						<VersionInfoKeys Name="OriginalFilename"/>
						<VersionInfoKeys Name="ProductName">The Last Hope of the Third Age</VersionInfoKeys>
						<VersionInfoKeys Name="ProductVersion">1.0.0.0</VersionInfoKeys>
						<VersionInfoKeys Name="Comments">http://bfme-modding.ru</VersionInfoKeys>
					</VersionInfoKeys>
					<Source>
						<Source Name="MainSource">tlhotta_launcher.dpr</Source>
					</Source>
					<Excluded_Packages>
						<Excluded_Packages Name="$(BDSBIN)\dclmid150.bpl">Embarcadero MyBase DataAccess Components</Excluded_Packages>
						<Excluded_Packages Name="$(BDSBIN)\dcldb150.bpl">Embarcadero Database Components</Excluded_Packages>
						<Excluded_Packages Name="$(BDSBIN)\dclIndyCore150.bpl">Indy 10 Core Design Time</Excluded_Packages>
						<Excluded_Packages Name="$(BDSBIN)\dclwbm150.bpl">Embarcadero InternetExpress Components</Excluded_Packages>
						<Excluded_Packages Name="$(BDSBIN)\dclnet150.bpl">Embarcadero Internet Components</Excluded_Packages>
						<Excluded_Packages Name="$(BDSBIN)\dclDataSnapCommon150.bpl">Embarcadero DBExpress DataSnap Common Design package</Excluded_Packages>
						<Excluded_Packages Name="$(BDSBIN)\dcldbx150.bpl">Embarcadero dbExpress Components</Excluded_Packages>
						<Excluded_Packages Name="$(BDSBIN)\dclado150.bpl">Embarcadero ADO DB Components</Excluded_Packages>
						<Excluded_Packages Name="$(BDSBIN)\dclbcbsmp150.bpl">Embarcadero Sample Controls Design Time Package</Excluded_Packages>
						<Excluded_Packages Name="$(BDSBIN)\dclsmp150.bpl">Embarcadero Sample Components</Excluded_Packages>
						<Excluded_Packages Name="$(BDSBIN)\svnide150.bpl">Embarcadero Subversion Integration</Excluded_Packages>
						<Excluded_Packages Name="$(BDSBIN)\applet150.bpl">Embarcadero Control Panel Applet Package</Excluded_Packages>
						<Excluded_Packages Name="$(BDSBIN)\dclemacsedit150.bpl">Embarcadero Editor Emacs Enhancements</Excluded_Packages>
						<Excluded_Packages Name="$(BDSBIN)\dclmlwiz150.bpl">Embarcadero Markup Language Wizards</Excluded_Packages>
						<Excluded_Packages Name="$(BDSBIN)\dclsmpedit150.bpl">Embarcadero Editor Script Enhancements</Excluded_Packages>
						<Excluded_Packages Name="$(BDSBIN)\dcltouch150.bpl">Embarcadero Touch Components</Excluded_Packages>
						<Excluded_Packages Name="$(BDSBIN)\samplevisualizers150.bpl">Embarcadero Sample Debugger Visualizers</Excluded_Packages>
						<Excluded_Packages Name="$(BDSBIN)\dclmcn150.bpl">Embarcadero DataSnap Connection Components</Excluded_Packages>
						<Excluded_Packages Name="$(BDSBIN)\dclib150.bpl">Embarcadero InterBase Express Components</Excluded_Packages>
						<Excluded_Packages Name="$(BDSBIN)\dclIntraweb_110_150.bpl">VCL for the Web 11.0 Design Package for Embarcadero RAD Studio XE</Excluded_Packages>
						<Excluded_Packages Name="$(BDSBIN)\dclie150.bpl">Internet Explorer Components</Excluded_Packages>
						<Excluded_Packages Name="$(BDSBIN)\dclwebsnap150.bpl">Embarcadero WebSnap Components</Excluded_Packages>
						<Excluded_Packages Name="$(BDSBIN)\dclsoap150.bpl">Embarcadero SOAP Components</Excluded_Packages>
						<Excluded_Packages Name="$(BDSBIN)\dclribbon150.bpl">Embarcadero Ribbon Controls</Excluded_Packages>
						<Excluded_Packages Name="$(BDSBIN)\dclDataSnapIndy10ServerTransport150.bpl">Embarcadero DBExpress DataSnap Server Transport Components</Excluded_Packages>
						<Excluded_Packages Name="$(BDSBIN)\dclDataSnapProviderClient150.bpl">Embarcadero DBExpress DataSnap Provider Client Components</Excluded_Packages>
						<Excluded_Packages Name="$(BDSBIN)\dclDataSnapClient150.bpl">Embarcadero DBExpress DataSnap Client Components</Excluded_Packages>
						<Excluded_Packages Name="$(BDSBIN)\dclDataSnapServer150.bpl">Embarcadero DBExpress DataSnap Server Components</Excluded_Packages>
						<Excluded_Packages Name="$(BDSBIN)\dclWindowsAzureManagement150.bpl">Embarcadero Windows Azure management components</Excluded_Packages>
						<Excluded_Packages Name="$(BDSBIN)\dclDeployCloud150.bpl">Embarcadero Deploy to the Cloud</Excluded_Packages>
						<Excluded_Packages Name="$(BDSBIN)\dclDBXDrivers150.bpl">Embarcadero Driver Components</Excluded_Packages>
						<Excluded_Packages Name="$(BDSBIN)\dclDBXDriversEnt150.bpl">Embarcadero Enterprise Driver Components</Excluded_Packages>
						<Excluded_Packages Name="$(BDSBIN)\dcldbxcds150.bpl">Embarcadero SimpleDataset Component (DBX)</Excluded_Packages>
						<Excluded_Packages Name="C:\Users\Public\Documents\RAD Studio\8.0\Bpl\VirtualTreesD15.bpl">Virtual Treeview design time package</Excluded_Packages>
						<Excluded_Packages Name="$(BDSBIN)\bcbie150.bpl">Embarcadero C++Builder Internet Explorer Components Package</Excluded_Packages>
						<Excluded_Packages Name="$(BDSBIN)\dclbde150.bpl">Embarcadero BDE DB Components</Excluded_Packages>
						<Excluded_Packages Name="$(BDSBIN)\dclIndyProtocols150.bpl">Indy 10 Protocols Design Time</Excluded_Packages>
						<Excluded_Packages Name="$(BDSBIN)\dclact150.bpl">Embarcadero ActionBar Components</Excluded_Packages>
						<Excluded_Packages Name="C:\Program Files (x86)\Raize\CS4\Bin\VCL\CodeSiteExpressVcl_Design150.bpl">CodeSite Express 4.6.1</Excluded_Packages>
						<Excluded_Packages Name="$(BDSBIN)\dcltee9150.bpl">TeeChart Standard 9 Components</Excluded_Packages>
						<Excluded_Packages Name="$(BDSBIN)\bcboffice2k150.bpl">Embarcadero C++Builder Office 2000 Servers Package</Excluded_Packages>
						<Excluded_Packages Name="$(BDSBIN)\bcbofficexp150.bpl">Embarcadero C++Builder Office XP Servers Package</Excluded_Packages>
						<Excluded_Packages Name="$(BDSBIN)\dcloffice2k150.bpl">Microsoft Office 2000 Sample Automation Server Wrapper Components</Excluded_Packages>
						<Excluded_Packages Name="$(BDSBIN)\dclofficexp150.bpl">Microsoft Office XP Sample Automation Server Wrapper Components</Excluded_Packages>
					</Excluded_Packages>
				</Delphi.Personality>
				<Platforms>
					<Platform value="Win32">True</Platform>
				</Platforms>
			</BorlandProject>
			<ProjectFileVersion>12</ProjectFileVersion>
		</ProjectExtensions>
		<ItemGroup>
			<DelphiCompile Include="tlhotta_launcher.dpr">
				<MainSource>MainSource</MainSource>
			</DelphiCompile>
			<DCCReference Include="FormMain.pas">
				<Form>Form1</Form>
			</DCCReference>
			<BuildConfiguration Include="Debug">
				<Key>Cfg_2</Key>
				<CfgParent>Base</CfgParent>
			</BuildConfiguration>
			<BuildConfiguration Include="Base">
				<Key>Base</Key>
			</BuildConfiguration>
			<BuildConfiguration Include="Release">
				<Key>Cfg_1</Key>
				<CfgParent>Base</CfgParent>
			</BuildConfiguration>
		</ItemGroup>
		<Import Condition="Exists('$(BDS)\Bin\CodeGear.Delphi.Targets')" Project="$(BDS)\Bin\CodeGear.Delphi.Targets"/>
		<Import Condition="Exists('$(APPDATA)\Embarcadero\$(BDSAPPDATABASEDIR)\$(PRODUCTVERSION)\UserTools.proj')" Project="$(APPDATA)\Embarcadero\$(BDSAPPDATABASEDIR)\$(PRODUCTVERSION)\UserTools.proj"/>
	</Project>
